
Microsoft Visual Studio Solution File, Format Version 12.00
# Visual Studio 2013
VisualStudioVersion = 12.0.30324.0
MinimumVisualStudioVersion = 10.0.40219.1
Project("{FAE04EC0-301F-11D3-BF4B-00C04F79EFBC}") = "TC.StaticCodeAnalysis", "TC.StaticCodeAnalysis\TC.StaticCodeAnalysis.csproj", "{485D172A-5759-45B1-93A6-E9EA3A507081}"
EndProject
Project("{FAE04EC0-301F-11D3-BF4B-00C04F79EFBC}") = "TC.StaticCodeAnalysis.Tests", "TC.StaticCodeAnalysis.Tests\TC.StaticCodeAnalysis.Tests.csproj", "{10F3A379-0B9C-4D48-AABF-5E6C32EDB795}"
EndProject
Global
	GlobalSection(SolutionConfigurationPlatforms) = preSolution
		Debug|Any CPU = Debug|Any CPU
		Release|Any CPU = Release|Any CPU
	EndGlobalSection
	GlobalSection(ProjectConfigurationPlatforms) = postSolution
		{485D172A-5759-45B1-93A6-E9EA3A507081}.Debug|Any CPU.ActiveCfg = Debug|Any CPU
		{485D172A-5759-45B1-93A6-E9EA3A507081}.Debug|Any CPU.Build.0 = Debug|Any CPU
		{485D172A-5759-45B1-93A6-E9EA3A507081}.Release|Any CPU.ActiveCfg = Release|Any CPU
		{485D172A-5759-45B1-93A6-E9EA3A507081}.Release|Any CPU.Build.0 = Release|Any CPU
		{10F3A379-0B9C-4D48-AABF-5E6C32EDB795}.Debug|Any CPU.ActiveCfg = Debug|Any CPU
		{10F3A379-0B9C-4D48-AABF-5E6C32EDB795}.Debug|Any CPU.Build.0 = Debug|Any CPU
		{10F3A379-0B9C-4D48-AABF-5E6C32EDB795}.Release|Any CPU.ActiveCfg = Release|Any CPU
		{10F3A379-0B9C-4D48-AABF-5E6C32EDB795}.Release|Any CPU.Build.0 = Release|Any CPU
	EndGlobalSection
	GlobalSection(SolutionProperties) = preSolution
		HideSolutionNode = FALSE
	EndGlobalSection
EndGlobal
